PODS:
  - AFNetworking (2.0.3):
    - AFNetworking/NSURLConnection
    - AFNetworking/NSURLSession
    - AFNetworking/Reachability
    - AFNetworking/Security
    - AFNetworking/Serialization
    - AFNetworking/UIKit
  - AFNetworking/NSURLConnection (2.0.3):
    - AFNetworking/Reachability
    - AFNetworking/Security
    - AFNetworking/Serialization
  - AFNetworking/NSURLSession (2.0.3):
    - AFNetworking/NSURLConnection
  - AFNetworking/Reachability (2.0.3)
  - AFNetworking/Security (2.0.3)
  - AFNetworking/Serialization (2.0.3)
  - AFNetworking/UIKit (2.0.3):
    - AFNetworking/NSURLConnection
  - APAddressBook (0.0.4)
  - CocoaLumberjack (1.8.1):
    - CocoaLumberjack/Extensions
  - CocoaLumberjack/Core (1.8.1)
  - CocoaLumberjack/Extensions (1.8.1):
    - CocoaLumberjack/Core
  - CommonCrypto (1.1)
  - CSURITemplate (0.1.1)
  - HyperBek (0.4.0):
    - CSURITemplate (~> 0.1.1)
  - KIF (2.0.0)
  - Kiwi-KIF/XCTest (1.0.1):
    - KIF (~> 2.0.0)
    - Kiwi/XCTest (~> 2.2.3)
  - Kiwi/ARC (2.2.3)
  - Kiwi/NonARC (2.2.3)
  - Kiwi/XCTest (2.2.3):
    - Kiwi/ARC
    - Kiwi/NonARC
  - OpenSSL (1.0.1)
  - ReactiveCocoa (2.2.3):
    - ReactiveCocoa/Core
    - ReactiveCocoa/no-arc
  - ReactiveCocoa/Core (2.2.3):
    - ReactiveCocoa/no-arc
  - ReactiveCocoa/no-arc (2.2.3)
  - TestFlightLogger (0.0.3):
    - CocoaLumberjack
    - TestFlightSDK
  - TestFlightSDK (2.2.1)

DEPENDENCIES:
  - AFNetworking (~> 2.0.3)
  - APAddressBook (~> 0.0.4)
  - CocoaLumberjack (~> 1.8.1)
  - CommonCrypto (~> 1.1)
  - HyperBek (from `https://bitbucket.org/dcutting/hyperbek`)
  - KIF (~> 2.0)
  - Kiwi-KIF/XCTest (~> 1.0.1)
  - Kiwi/XCTest (~> 2.2.3)
  - OpenSSL (~> 1.0.1)
  - ReactiveCocoa (~> 2.2.3)
  - TestFlightLogger (~> 0.0.3)
  - TestFlightSDK (~> 2.2.1)

EXTERNAL SOURCES:
  HyperBek:
    :hg: https://bitbucket.org/dcutting/hyperbek

SPEC CHECKSUMS:
  AFNetworking: e499052cbf3d743e9bb727bb37adb9dc2547ba15
  APAddressBook: f3f0c649f133e9d8ca8410eb223f0a5bc9a7e9e0
  CocoaLumberjack: 020378ec400d658923bf5887178394f65f052c90
  CommonCrypto: 8996386fc0dcd3713ce39ea5efb4afadb9fa00e2
  CSURITemplate: d3ec6da88799010195522e0c20e049a18da6a6aa
  HyperBek: efd20b8674cffcd623b5bc2ace6f70cea56bba25
  KIF: ff3b46deb62ce3f8e99c6a2c786729e1eea241ba
  Kiwi: 04c51e880831d291748ec702d42c4101f7eb95c9
  Kiwi-KIF: b5391f7f57e91f43fdb2d4227d64277a67cf9e09
  OpenSSL: 9b85178853701b1e9bbf70df695a4c149799e772
  ReactiveCocoa: b3cb6ebd50f1a0f2e39c6fd7ce3c428b6efcb22b
  TestFlightLogger: 030f80932b79a0fc9414115a63c209bc62bb8f98
  TestFlightSDK: 030fa8a1bc8aa9ba5c9ae1be05ceaba775368c0c

COCOAPODS: 0.29.0
