// !$*UTF8*$!
{
	archiveVersion = 1;
	classes = {
	};
	objectVersion = 46;
	objects = {

/* Begin PBXBuildFile section */
		0F476D00187B837F00338F61 /* Foundation.framework in Frameworks */ = {isa = PBXBuildFile; fileRef = 0F476CFF187B837F00338F61 /* Foundation.framework */; };
		0F476D02187B837F00338F61 /* CoreGraphics.framework in Frameworks */ = {isa = PBXBuildFile; fileRef = 0F476D01187B837F00338F61 /* CoreGraphics.framework */; };
		0F476D04187B837F00338F61 /* UIKit.framework in Frameworks */ = {isa = PBXBuildFile; fileRef = 0F476D03187B837F00338F61 /* UIKit.framework */; };
		0F476D0A187B837F00338F61 /* InfoPlist.strings in Resources */ = {isa = PBXBuildFile; fileRef = 0F476D08187B837F00338F61 /* InfoPlist.strings */; };
		0F476D0C187B837F00338F61 /* main.m in Sources */ = {isa = PBXBuildFile; fileRef = 0F476D0B187B837F00338F61 /* main.m */; };
		0F476D10187B837F00338F61 /* AppDelegate.m in Sources */ = {isa = PBXBuildFile; fileRef = 0F476D0F187B837F00338F61 /* AppDelegate.m */; };
		0F476D12187B837F00338F61 /* Images.xcassets in Resources */ = {isa = PBXBuildFile; fileRef = 0F476D11187B837F00338F61 /* Images.xcassets */; };
		0F476D19187B837F00338F61 /* XCTest.framework in Frameworks */ = {isa = PBXBuildFile; fileRef = 0F476D18187B837F00338F61 /* XCTest.framework */; };
		0F476D1A187B837F00338F61 /* Foundation.framework in Frameworks */ = {isa = PBXBuildFile; fileRef = 0F476CFF187B837F00338F61 /* Foundation.framework */; };
		0F476D1B187B837F00338F61 /* UIKit.framework in Frameworks */ = {isa = PBXBuildFile; fileRef = 0F476D03187B837F00338F61 /* UIKit.framework */; };
		0F476D23187B837F00338F61 /* InfoPlist.strings in Resources */ = {isa = PBXBuildFile; fileRef = 0F476D21187B837F00338F61 /* InfoPlist.strings */; };
		0F4A798E188B32CB00237F24 /* LoginView.m in Sources */ = {isa = PBXBuildFile; fileRef = 0F4A798D188B32CB00237F24 /* LoginView.m */; };
		0F4A7991188CF16600237F24 /* HTTPClient.m in Sources */ = {isa = PBXBuildFile; fileRef = 0F4A7990188CF16600237F24 /* HTTPClient.m */; };
		0F4A7996188DEA6C00237F24 /* HTTPClientSpec.m in Sources */ = {isa = PBXBuildFile; fileRef = 0F4A7995188DEA6C00237F24 /* HTTPClientSpec.m */; };
		0F5695E818A6AE790061715A /* AVFoundation.framework in Frameworks */ = {isa = PBXBuildFile; fileRef = 0F5695E718A6AE790061715A /* AVFoundation.framework */; };
		0F81B24318A4919D00CD4FEC /* NSString+SHA256Digest.m in Sources */ = {isa = PBXBuildFile; fileRef = 0F81B24218A4919D00CD4FEC /* NSString+SHA256Digest.m */; };
		0F81B24518A491FD00CD4FEC /* NSStringSHA256DigestSpec.m in Sources */ = {isa = PBXBuildFile; fileRef = 0F81B24418A491FD00CD4FEC /* NSStringSHA256DigestSpec.m */; };
		0F81B24818A551AB00CD4FEC /* NSString+KeySigning.m in Sources */ = {isa = PBXBuildFile; fileRef = 0F81B24718A551AB00CD4FEC /* NSString+KeySigning.m */; };
		0F81B24A18A553E200CD4FEC /* NSStringKeySigningSpec.m in Sources */ = {isa = PBXBuildFile; fileRef = 0F81B24918A553E200CD4FEC /* NSStringKeySigningSpec.m */; };
		0F97D4A918A1E4C60024A427 /* CaptureViewController.m in Sources */ = {isa = PBXBuildFile; fileRef = 0F97D4A818A1E4C60024A427 /* CaptureViewController.m */; };
		0FC3B21E18896110006FF4FB /* LoginViewController.m in Sources */ = {isa = PBXBuildFile; fileRef = 0FC3B21D18896110006FF4FB /* LoginViewController.m */; };
		0FC4319118909247002833A6 /* Credentials.m in Sources */ = {isa = PBXBuildFile; fileRef = 0FC4319018909247002833A6 /* Credentials.m */; };
		0FD7005418A4239100A0A821 /* Security.framework in Frameworks */ = {isa = PBXBuildFile; fileRef = 0FD7005318A4239100A0A821 /* Security.framework */; };
		0FE30BAA18A746E90073BCCF /* private_key.pem in Resources */ = {isa = PBXBuildFile; fileRef = 0FE30BA918A746E90073BCCF /* private_key.pem */; };
		C015A52866AD45D4AF7E28BB /* libPods-SmartChatTests.a in Frameworks */ = {isa = PBXBuildFile; fileRef = 856612DFFD5D4FAEA7682AC4 /* libPods-SmartChatTests.a */; };
		D9ED6A6E80C14B76814440BC /* libPods-SmartChat.a in Frameworks */ = {isa = PBXBuildFile; fileRef = BA5EEE63FF2D488C8520D73C /* libPods-SmartChat.a */; };
/* End PBXBuildFile section */

/* Begin PBXContainerItemProxy section */
		0F476D1C187B837F00338F61 /* PBXContainerItemProxy */ = {
			isa = PBXContainerItemProxy;
			containerPortal = 0F476CF4187B837F00338F61 /* Project object */;
			proxyType = 1;
			remoteGlobalIDString = 0F476CFB187B837F00338F61;
			remoteInfo = SmartChat;
		};
/* End PBXContainerItemProxy section */

/* Begin PBXFileReference section */
		0F476CFC187B837F00338F61 /* SmartChat.app */ = {isa = PBXFileReference; explicitFileType = wrapper.application; includeInIndex = 0; path = SmartChat.app; sourceTree = BUILT_PRODUCTS_DIR; };
		0F476CFF187B837F00338F61 /* Foundation.framework */ = {isa = PBXFileReference; lastKnownFileType = wrapper.framework; name = Foundation.framework; path = System/Library/Frameworks/Foundation.framework; sourceTree = SDKROOT; };
		0F476D01187B837F00338F61 /* CoreGraphics.framework */ = {isa = PBXFileReference; lastKnownFileType = wrapper.framework; name = CoreGraphics.framework; path = System/Library/Frameworks/CoreGraphics.framework; sourceTree = SDKROOT; };
		0F476D03187B837F00338F61 /* UIKit.framework */ = {isa = PBXFileReference; lastKnownFileType = wrapper.framework; name = UIKit.framework; path = System/Library/Frameworks/UIKit.framework; sourceTree = SDKROOT; };
		0F476D07187B837F00338F61 /* SmartChat-Info.plist */ = {isa = PBXFileReference; lastKnownFileType = text.plist.xml; path = "SmartChat-Info.plist"; sourceTree = "<group>"; };
		0F476D09187B837F00338F61 /* en */ = {isa = PBXFileReference; lastKnownFileType = text.plist.strings; name = en; path = en.lproj/InfoPlist.strings; sourceTree = "<group>"; };
		0F476D0B187B837F00338F61 /* main.m */ = {isa = PBXFileReference; lastKnownFileType = sourcecode.c.objc; path = main.m; sourceTree = "<group>"; };
		0F476D0D187B837F00338F61 /* SmartChat-Prefix.pch */ = {isa = PBXFileReference; lastKnownFileType = sourcecode.c.h; path = "SmartChat-Prefix.pch"; sourceTree = "<group>"; };
		0F476D0E187B837F00338F61 /* AppDelegate.h */ = {isa = PBXFileReference; lastKnownFileType = sourcecode.c.h; path = AppDelegate.h; sourceTree = "<group>"; };
		0F476D0F187B837F00338F61 /* AppDelegate.m */ = {isa = PBXFileReference; lastKnownFileType = sourcecode.c.objc; path = AppDelegate.m; sourceTree = "<group>"; };
		0F476D11187B837F00338F61 /* Images.xcassets */ = {isa = PBXFileReference; lastKnownFileType = folder.assetcatalog; path = Images.xcassets; sourceTree = "<group>"; };
		0F476D17187B837F00338F61 /* SmartChatTests.xctest */ = {isa = PBXFileReference; explicitFileType = wrapper.cfbundle; includeInIndex = 0; path = SmartChatTests.xctest; sourceTree = BUILT_PRODUCTS_DIR; };
		0F476D18187B837F00338F61 /* XCTest.framework */ = {isa = PBXFileReference; lastKnownFileType = wrapper.framework; name = XCTest.framework; path = Library/Frameworks/XCTest.framework; sourceTree = DEVELOPER_DIR; };
		0F476D20187B837F00338F61 /* SmartChatTests-Info.plist */ = {isa = PBXFileReference; lastKnownFileType = text.plist.xml; path = "SmartChatTests-Info.plist"; sourceTree = "<group>"; };
		0F476D22187B837F00338F61 /* en */ = {isa = PBXFileReference; lastKnownFileType = text.plist.strings; name = en; path = en.lproj/InfoPlist.strings; sourceTree = "<group>"; };
		0F4A798C188B32CB00237F24 /* LoginView.h */ = {isa = PBXFileReference; fileEncoding = 4; lastKnownFileType = sourcecode.c.h; path = LoginView.h; sourceTree = "<group>"; };
		0F4A798D188B32CB00237F24 /* LoginView.m */ = {isa = PBXFileReference; fileEncoding = 4; lastKnownFileType = sourcecode.c.objc; path = LoginView.m; sourceTree = "<group>"; };
		0F4A798F188CF16500237F24 /* HTTPClient.h */ = {isa = PBXFileReference; fileEncoding = 4; lastKnownFileType = sourcecode.c.h; path = HTTPClient.h; sourceTree = "<group>"; };
		0F4A7990188CF16600237F24 /* HTTPClient.m */ = {isa = PBXFileReference; fileEncoding = 4; lastKnownFileType = sourcecode.c.objc; path = HTTPClient.m; sourceTree = "<group>"; };
		0F4A7995188DEA6C00237F24 /* HTTPClientSpec.m */ = {isa = PBXFileReference; fileEncoding = 4; lastKnownFileType = sourcecode.c.objc; path = HTTPClientSpec.m; sourceTree = "<group>"; };
		0F5695E718A6AE790061715A /* AVFoundation.framework */ = {isa = PBXFileReference; lastKnownFileType = wrapper.framework; name = AVFoundation.framework; path = System/Library/Frameworks/AVFoundation.framework; sourceTree = SDKROOT; };
		0F81B24118A4919D00CD4FEC /* NSString+SHA256Digest.h */ = {isa = PBXFileReference; fileEncoding = 4; lastKnownFileType = sourcecode.c.h; path = "NSString+SHA256Digest.h"; sourceTree = "<group>"; };
		0F81B24218A4919D00CD4FEC /* NSString+SHA256Digest.m */ = {isa = PBXFileReference; fileEncoding = 4; lastKnownFileType = sourcecode.c.objc; path = "NSString+SHA256Digest.m"; sourceTree = "<group>"; };
		0F81B24418A491FD00CD4FEC /* NSStringSHA256DigestSpec.m */ = {isa = PBXFileReference; fileEncoding = 4; lastKnownFileType = sourcecode.c.objc; path = NSStringSHA256DigestSpec.m; sourceTree = "<group>"; };
		0F81B24618A551AB00CD4FEC /* NSString+KeySigning.h */ = {isa = PBXFileReference; fileEncoding = 4; lastKnownFileType = sourcecode.c.h; path = "NSString+KeySigning.h"; sourceTree = "<group>"; };
		0F81B24718A551AB00CD4FEC /* NSString+KeySigning.m */ = {isa = PBXFileReference; fileEncoding = 4; lastKnownFileType = sourcecode.c.objc; path = "NSString+KeySigning.m"; sourceTree = "<group>"; };
		0F81B24918A553E200CD4FEC /* NSStringKeySigningSpec.m */ = {isa = PBXFileReference; fileEncoding = 4; lastKnownFileType = sourcecode.c.objc; path = NSStringKeySigningSpec.m; sourceTree = "<group>"; };
		0F97D4A718A1E4C60024A427 /* CaptureViewController.h */ = {isa = PBXFileReference; fileEncoding = 4; lastKnownFileType = sourcecode.c.h; path = CaptureViewController.h; sourceTree = "<group>"; };
		0F97D4A818A1E4C60024A427 /* CaptureViewController.m */ = {isa = PBXFileReference; fileEncoding = 4; lastKnownFileType = sourcecode.c.objc; path = CaptureViewController.m; sourceTree = "<group>"; };
		0FC3B21C18896110006FF4FB /* LoginViewController.h */ = {isa = PBXFileReference; fileEncoding = 4; lastKnownFileType = sourcecode.c.h; path = LoginViewController.h; sourceTree = "<group>"; };
		0FC3B21D18896110006FF4FB /* LoginViewController.m */ = {isa = PBXFileReference; fileEncoding = 4; lastKnownFileType = sourcecode.c.objc; path = LoginViewController.m; sourceTree = "<group>"; };
		0FC4318F18909247002833A6 /* Credentials.h */ = {isa = PBXFileReference; fileEncoding = 4; lastKnownFileType = sourcecode.c.h; path = Credentials.h; sourceTree = "<group>"; };
		0FC4319018909247002833A6 /* Credentials.m */ = {isa = PBXFileReference; fileEncoding = 4; lastKnownFileType = sourcecode.c.objc; path = Credentials.m; sourceTree = "<group>"; };
		0FD7005318A4239100A0A821 /* Security.framework */ = {isa = PBXFileReference; lastKnownFileType = wrapper.framework; name = Security.framework; path = System/Library/Frameworks/Security.framework; sourceTree = SDKROOT; };
		0FE30BA918A746E90073BCCF /* private_key.pem */ = {isa = PBXFileReference; fileEncoding = 4; lastKnownFileType = text; path = private_key.pem; sourceTree = "<group>"; };
		824430812FC84F6AAF455F64 /* Pods-SmartChat.xcconfig */ = {isa = PBXFileReference; includeInIndex = 1; lastKnownFileType = text.xcconfig; name = "Pods-SmartChat.xcconfig"; path = "Pods/Pods-SmartChat.xcconfig"; sourceTree = "<group>"; };
		856612DFFD5D4FAEA7682AC4 /* libPods-SmartChatTests.a */ = {isa = PBXFileReference; explicitFileType = archive.ar; includeInIndex = 0; path = "libPods-SmartChatTests.a"; sourceTree = BUILT_PRODUCTS_DIR; };
		BA5EEE63FF2D488C8520D73C /* libPods-SmartChat.a */ = {isa = PBXFileReference; explicitFileType = archive.ar; includeInIndex = 0; path = "libPods-SmartChat.a"; sourceTree = BUILT_PRODUCTS_DIR; };
		F278680EF8624F49B964312E /* Pods-SmartChatTests.xcconfig */ = {isa = PBXFileReference; includeInIndex = 1; lastKnownFileType = text.xcconfig; name = "Pods-SmartChatTests.xcconfig"; path = "Pods/Pods-SmartChatTests.xcconfig"; sourceTree = "<group>"; };
/* End PBXFileReference section */

/* Begin PBXFrameworksBuildPhase section */
		0F476CF9187B837F00338F61 /* Frameworks */ = {
			isa = PBXFrameworksBuildPhase;
			buildActionMask = 2147483647;
			files = (
				0F5695E818A6AE790061715A /* AVFoundation.framework in Frameworks */,
				0FD7005418A4239100A0A821 /* Security.framework in Frameworks */,
				0F476D02187B837F00338F61 /* CoreGraphics.framework in Frameworks */,
				0F476D04187B837F00338F61 /* UIKit.framework in Frameworks */,
				0F476D00187B837F00338F61 /* Foundation.framework in Frameworks */,
				D9ED6A6E80C14B76814440BC /* libPods-SmartChat.a in Frameworks */,
			);
			runOnlyForDeploymentPostprocessing = 0;
		};
		0F476D14187B837F00338F61 /* Frameworks */ = {
			isa = PBXFrameworksBuildPhase;
			buildActionMask = 2147483647;
			files = (
				0F476D19187B837F00338F61 /* XCTest.framework in Frameworks */,
				0F476D1B187B837F00338F61 /* UIKit.framework in Frameworks */,
				0F476D1A187B837F00338F61 /* Foundation.framework in Frameworks */,
				C015A52866AD45D4AF7E28BB /* libPods-SmartChatTests.a in Frameworks */,
			);
			runOnlyForDeploymentPostprocessing = 0;
		};
/* End PBXFrameworksBuildPhase section */

/* Begin PBXGroup section */
		0F476CF3187B837F00338F61 = {
			isa = PBXGroup;
			children = (
				0F476D05187B837F00338F61 /* SmartChat */,
				0F476D1E187B837F00338F61 /* SmartChatTests */,
				0F476CFE187B837F00338F61 /* Frameworks */,
				0F476CFD187B837F00338F61 /* Products */,
				824430812FC84F6AAF455F64 /* Pods-SmartChat.xcconfig */,
				F278680EF8624F49B964312E /* Pods-SmartChatTests.xcconfig */,
			);
			sourceTree = "<group>";
		};
		0F476CFD187B837F00338F61 /* Products */ = {
			isa = PBXGroup;
			children = (
				0F476CFC187B837F00338F61 /* SmartChat.app */,
				0F476D17187B837F00338F61 /* SmartChatTests.xctest */,
			);
			name = Products;
			sourceTree = "<group>";
		};
		0F476CFE187B837F00338F61 /* Frameworks */ = {
			isa = PBXGroup;
			children = (
				0F5695E718A6AE790061715A /* AVFoundation.framework */,
				0FD7005318A4239100A0A821 /* Security.framework */,
				0F476CFF187B837F00338F61 /* Foundation.framework */,
				0F476D01187B837F00338F61 /* CoreGraphics.framework */,
				0F476D03187B837F00338F61 /* UIKit.framework */,
				0F476D18187B837F00338F61 /* XCTest.framework */,
				BA5EEE63FF2D488C8520D73C /* libPods-SmartChat.a */,
				856612DFFD5D4FAEA7682AC4 /* libPods-SmartChatTests.a */,
			);
			name = Frameworks;
			sourceTree = "<group>";
		};
		0F476D05187B837F00338F61 /* SmartChat */ = {
			isa = PBXGroup;
			children = (
				0F476D0E187B837F00338F61 /* AppDelegate.h */,
				0F476D0F187B837F00338F61 /* AppDelegate.m */,
				0F81B24018A4916D00CD4FEC /* Categories */,
				0F5695EC18A6C6FD0061715A /* Models */,
				0F81B24E18A5DE7F00CD4FEC /* Views */,
				0F81B24D18A5BB6600CD4FEC /* Controllers */,
				0F97D4AA18A1E7EE0024A427 /* Delegates */,
				0F476D11187B837F00338F61 /* Images.xcassets */,
				0F476D06187B837F00338F61 /* Supporting Files */,
				0F4A798C188B32CB00237F24 /* LoginView.h */,
				0F4A798D188B32CB00237F24 /* LoginView.m */,
				0F4A798F188CF16500237F24 /* HTTPClient.h */,
				0F4A7990188CF16600237F24 /* HTTPClient.m */,
			);
			path = SmartChat;
			sourceTree = "<group>";
		};
		0F476D06187B837F00338F61 /* Supporting Files */ = {
			isa = PBXGroup;
			children = (
				0F476D07187B837F00338F61 /* SmartChat-Info.plist */,
				0F476D08187B837F00338F61 /* InfoPlist.strings */,
				0F476D0B187B837F00338F61 /* main.m */,
				0F476D0D187B837F00338F61 /* SmartChat-Prefix.pch */,
			);
			name = "Supporting Files";
			sourceTree = "<group>";
		};
		0F476D1E187B837F00338F61 /* SmartChatTests */ = {
			isa = PBXGroup;
			children = (
				0F476D1F187B837F00338F61 /* Supporting Files */,
				0F4A7995188DEA6C00237F24 /* HTTPClientSpec.m */,
				0F81B24418A491FD00CD4FEC /* NSStringSHA256DigestSpec.m */,
				0F81B24918A553E200CD4FEC /* NSStringKeySigningSpec.m */,
			);
			path = SmartChatTests;
			sourceTree = "<group>";
		};
		0F476D1F187B837F00338F61 /* Supporting Files */ = {
			isa = PBXGroup;
			children = (
				0F476D20187B837F00338F61 /* SmartChatTests-Info.plist */,
				0F476D21187B837F00338F61 /* InfoPlist.strings */,
				0FE30BA918A746E90073BCCF /* private_key.pem */,
			);
			name = "Supporting Files";
			sourceTree = "<group>";
		};
		0F5695EC18A6C6FD0061715A /* Models */ = {
			isa = PBXGroup;
			children = (
				0FC4318F18909247002833A6 /* Credentials.h */,
				0FC4319018909247002833A6 /* Credentials.m */,
			);
			path = Models;
			sourceTree = "<group>";
		};
		0F81B24018A4916D00CD4FEC /* Categories */ = {
			isa = PBXGroup;
			children = (
				0F81B24618A551AB00CD4FEC /* NSString+KeySigning.h */,
				0F81B24718A551AB00CD4FEC /* NSString+KeySigning.m */,
				0F81B24118A4919D00CD4FEC /* NSString+SHA256Digest.h */,
				0F81B24218A4919D00CD4FEC /* NSString+SHA256Digest.m */,
			);
			path = Categories;
			sourceTree = "<group>";
		};
		0F81B24D18A5BB6600CD4FEC /* Controllers */ = {
			isa = PBXGroup;
			children = (
				0F97D4A718A1E4C60024A427 /* CaptureViewController.h */,
				0F97D4A818A1E4C60024A427 /* CaptureViewController.m */,
				0FC3B21C18896110006FF4FB /* LoginViewController.h */,
				0FC3B21D18896110006FF4FB /* LoginViewController.m */,
			);
			path = Controllers;
			sourceTree = "<group>";
		};
		0F81B24E18A5DE7F00CD4FEC /* Views */ = {
			isa = PBXGroup;
			children = (
			);
			path = Views;
			sourceTree = "<group>";
		};
		0F97D4AA18A1E7EE0024A427 /* Delegates */ = {
			isa = PBXGroup;
			children = (
			);
			path = Delegates;
			sourceTree = "<group>";
		};
/* End PBXGroup section */

/* Begin PBXNativeTarget section */
		0F476CFB187B837F00338F61 /* SmartChat */ = {
			isa = PBXNativeTarget;
			buildConfigurationList = 0F476D28187B837F00338F61 /* Build configuration list for PBXNativeTarget "SmartChat" */;
			buildPhases = (
				37A9D706DCB54D28816E5D8A /* Check Pods Manifest.lock */,
				0F476CF8187B837F00338F61 /* Sources */,
				0F476CF9187B837F00338F61 /* Frameworks */,
				0F476CFA187B837F00338F61 /* Resources */,
				DACFD9B9FC624A4E98F5FA7F /* Copy Pods Resources */,
			);
			buildRules = (
			);
			dependencies = (
			);
			name = SmartChat;
			productName = SmartChat;
			productReference = 0F476CFC187B837F00338F61 /* SmartChat.app */;
			productType = "com.apple.product-type.application";
		};
		0F476D16187B837F00338F61 /* SmartChatTests */ = {
			isa = PBXNativeTarget;
			buildConfigurationList = 0F476D2B187B837F00338F61 /* Build configuration list for PBXNativeTarget "SmartChatTests" */;
			buildPhases = (
				95D8450EB3324779AE0FF8F2 /* Check Pods Manifest.lock */,
				0F476D13187B837F00338F61 /* Sources */,
				0F476D14187B837F00338F61 /* Frameworks */,
				0F476D15187B837F00338F61 /* Resources */,
				2C9DA8DEF6FC4B0C9A687047 /* Copy Pods Resources */,
			);
			buildRules = (
			);
			dependencies = (
				0F476D1D187B837F00338F61 /* PBXTargetDependency */,
			);
			name = SmartChatTests;
			productName = SmartChatTests;
			productReference = 0F476D17187B837F00338F61 /* SmartChatTests.xctest */;
			productType = "com.apple.product-type.bundle.unit-test";
		};
/* End PBXNativeTarget section */

/* Begin PBXProject section */
		0F476CF4187B837F00338F61 /* Project object */ = {
			isa = PBXProject;
			attributes = {
				LastUpgradeCheck = 0500;
				ORGANIZATIONNAME = SmartLogic;
				TargetAttributes = {
					0F476D16187B837F00338F61 = {
						TestTargetID = 0F476CFB187B837F00338F61;
					};
				};
			};
			buildConfigurationList = 0F476CF7187B837F00338F61 /* Build configuration list for PBXProject "SmartChat" */;
			compatibilityVersion = "Xcode 3.2";
			developmentRegion = English;
			hasScannedForEncodings = 0;
			knownRegions = (
				en,
			);
			mainGroup = 0F476CF3187B837F00338F61;
			productRefGroup = 0F476CFD187B837F00338F61 /* Products */;
			projectDirPath = "";
			projectRoot = "";
			targets = (
				0F476CFB187B837F00338F61 /* SmartChat */,
				0F476D16187B837F00338F61 /* SmartChatTests */,
			);
		};
/* End PBXProject section */

/* Begin PBXResourcesBuildPhase section */
		0F476CFA187B837F00338F61 /* Resources */ = {
			isa = PBXResourcesBuildPhase;
			buildActionMask = 2147483647;
			files = (
				0F476D0A187B837F00338F61 /* InfoPlist.strings in Resources */,
				0F476D12187B837F00338F61 /* Images.xcassets in Resources */,
			);
			runOnlyForDeploymentPostprocessing = 0;
		};
		0F476D15187B837F00338F61 /* Resources */ = {
			isa = PBXResourcesBuildPhase;
			buildActionMask = 2147483647;
			files = (
				0FE30BAA18A746E90073BCCF /* private_key.pem in Resources */,
				0F476D23187B837F00338F61 /* InfoPlist.strings in Resources */,
			);
			runOnlyForDeploymentPostprocessing = 0;
		};
/* End PBXResourcesBuildPhase section */

/* Begin PBXShellScriptBuildPhase section */
		2C9DA8DEF6FC4B0C9A687047 /* Copy Pods Resources */ = {
			isa = PBXShellScriptBuildPhase;
			buildActionMask = 2147483647;
			files = (
			);
			inputPaths = (
			);
			name = "Copy Pods Resources";
			outputPaths = (
			);
			runOnlyForDeploymentPostprocessing = 0;
			shellPath = /bin/sh;
			shellScript = "\"${SRCROOT}/Pods/Pods-SmartChatTests-resources.sh\"\n";
			showEnvVarsInLog = 0;
		};
		37A9D706DCB54D28816E5D8A /* Check Pods Manifest.lock */ = {
			isa = PBXShellScriptBuildPhase;
			buildActionMask = 2147483647;
			files = (
			);
			inputPaths = (
			);
			name = "Check Pods Manifest.lock";
			outputPaths = (
			);
			runOnlyForDeploymentPostprocessing = 0;
			shellPath = /bin/sh;
			shellScript = "diff \"${PODS_ROOT}/../Podfile.lock\" \"${PODS_ROOT}/Manifest.lock\" > /dev/null\nif [[ $? != 0 ]] ; then\n    cat << EOM\nerror: The sandbox is not in sync with the Podfile.lock. Run 'pod install' or update your CocoaPods installation.\nEOM\n    exit 1\nfi\n";
			showEnvVarsInLog = 0;
		};
		95D8450EB3324779AE0FF8F2 /* Check Pods Manifest.lock */ = {
			isa = PBXShellScriptBuildPhase;
			buildActionMask = 2147483647;
			files = (
			);
			inputPaths = (
			);
			name = "Check Pods Manifest.lock";
			outputPaths = (
			);
			runOnlyForDeploymentPostprocessing = 0;
			shellPath = /bin/sh;
			shellScript = "diff \"${PODS_ROOT}/../Podfile.lock\" \"${PODS_ROOT}/Manifest.lock\" > /dev/null\nif [[ $? != 0 ]] ; then\n    cat << EOM\nerror: The sandbox is not in sync with the Podfile.lock. Run 'pod install' or update your CocoaPods installation.\nEOM\n    exit 1\nfi\n";
			showEnvVarsInLog = 0;
		};
		DACFD9B9FC624A4E98F5FA7F /* Copy Pods Resources */ = {
			isa = PBXShellScriptBuildPhase;
			buildActionMask = 2147483647;
			files = (
			);
			inputPaths = (
			);
			name = "Copy Pods Resources";
			outputPaths = (
			);
			runOnlyForDeploymentPostprocessing = 0;
			shellPath = /bin/sh;
			shellScript = "\"${SRCROOT}/Pods/Pods-SmartChat-resources.sh\"\n";
			showEnvVarsInLog = 0;
		};
/* End PBXShellScriptBuildPhase section */

/* Begin PBXSourcesBuildPhase section */
		0F476CF8187B837F00338F61 /* Sources */ = {
			isa = PBXSourcesBuildPhase;
			buildActionMask = 2147483647;
			files = (
				0FC3B21E18896110006FF4FB /* LoginViewController.m in Sources */,
				0F81B24818A551AB00CD4FEC /* NSString+KeySigning.m in Sources */,
				0F476D10187B837F00338F61 /* AppDelegate.m in Sources */,
				0F81B24318A4919D00CD4FEC /* NSString+SHA256Digest.m in Sources */,
				0F4A7991188CF16600237F24 /* HTTPClient.m in Sources */,
				0F476D0C187B837F00338F61 /* main.m in Sources */,
				0F4A798E188B32CB00237F24 /* LoginView.m in Sources */,
				0F97D4A918A1E4C60024A427 /* CaptureViewController.m in Sources */,
				0FC4319118909247002833A6 /* Credentials.m in Sources */,
			);
			runOnlyForDeploymentPostprocessing = 0;
		};
		0F476D13187B837F00338F61 /* Sources */ = {
			isa = PBXSourcesBuildPhase;
			buildActionMask = 2147483647;
			files = (
				0F81B24518A491FD00CD4FEC /* NSStringSHA256DigestSpec.m in Sources */,
				0F4A7996188DEA6C00237F24 /* HTTPClientSpec.m in Sources */,
				0F81B24A18A553E200CD4FEC /* NSStringKeySigningSpec.m in Sources */,
			);
			runOnlyForDeploymentPostprocessing = 0;
		};
/* End PBXSourcesBuildPhase section */

/* Begin PBXTargetDependency section */
		0F476D1D187B837F00338F61 /* PBXTargetDependency */ = {
			isa = PBXTargetDependency;
			target = 0F476CFB187B837F00338F61 /* SmartChat */;
			targetProxy = 0F476D1C187B837F00338F61 /* PBXContainerItemProxy */;
		};
/* End PBXTargetDependency section */

/* Begin PBXVariantGroup section */
		0F476D08187B837F00338F61 /* InfoPlist.strings */ = {
			isa = PBXVariantGroup;
			children = (
				0F476D09187B837F00338F61 /* en */,
			);
			name = InfoPlist.strings;
			sourceTree = "<group>";
		};
		0F476D21187B837F00338F61 /* InfoPlist.strings */ = {
			isa = PBXVariantGroup;
			children = (
				0F476D22187B837F00338F61 /* en */,
			);
			name = InfoPlist.strings;
			sourceTree = "<group>";
		};
/* End PBXVariantGroup section */

/* Begin XCBuildConfiguration section */
		0F476D26187B837F00338F61 /* Debug */ = {
			isa = XCBuildConfiguration;
			buildSettings = {
				ALWAYS_SEARCH_USER_PATHS = NO;
				ARCHS = "$(ARCHS_STANDARD_INCLUDING_64_BIT)";
				CLANG_CXX_LANGUAGE_STANDARD = "gnu++0x";
				CLANG_CXX_LIBRARY = "libc++";
				CLANG_ENABLE_MODULES = YES;
				CLANG_ENABLE_OBJC_ARC = YES;
				CLANG_WARN_BOOL_CONVERSION = YES;
				CLANG_WARN_CONSTANT_CONVERSION = YES;
				CLANG_WARN_DIRECT_OBJC_ISA_USAGE = YES_ERROR;
				CLANG_WARN_EMPTY_BODY = YES;
				CLANG_WARN_ENUM_CONVERSION = YES;
				CLANG_WARN_INT_CONVERSION = YES;
				CLANG_WARN_OBJC_ROOT_CLASS = YES_ERROR;
				CLANG_WARN__DUPLICATE_METHOD_MATCH = YES;
				"CODE_SIGN_IDENTITY[sdk=iphoneos*]" = "iPhone Developer";
				COPY_PHASE_STRIP = NO;
				GCC_C_LANGUAGE_STANDARD = gnu99;
				GCC_DYNAMIC_NO_PIC = NO;
				GCC_OPTIMIZATION_LEVEL = 0;
				GCC_PREPROCESSOR_DEFINITIONS = (
					"DEBUG=1",
					"$(inherited)",
				);
				GCC_SYMBOLS_PRIVATE_EXTERN = NO;
				GCC_WARN_64_TO_32_BIT_CONVERSION = YES;
				GCC_WARN_ABOUT_RETURN_TYPE = YES_ERROR;
				GCC_WARN_UNDECLARED_SELECTOR = YES;
				GCC_WARN_UNINITIALIZED_AUTOS = YES;
				GCC_WARN_UNUSED_FUNCTION = YES;
				GCC_WARN_UNUSED_VARIABLE = YES;
				IPHONEOS_DEPLOYMENT_TARGET = 7.0;
				ONLY_ACTIVE_ARCH = YES;
				SDKROOT = iphoneos;
				TARGETED_DEVICE_FAMILY = "1,2";
			};
			name = Debug;
		};
		0F476D27187B837F00338F61 /* Release */ = {
			isa = XCBuildConfiguration;
			buildSettings = {
				ALWAYS_SEARCH_USER_PATHS = NO;
				ARCHS = "$(ARCHS_STANDARD_INCLUDING_64_BIT)";
				CLANG_CXX_LANGUAGE_STANDARD = "gnu++0x";
				CLANG_CXX_LIBRARY = "libc++";
				CLANG_ENABLE_MODULES = YES;
				CLANG_ENABLE_OBJC_ARC = YES;
				CLANG_WARN_BOOL_CONVERSION = YES;
				CLANG_WARN_CONSTANT_CONVERSION = YES;
				CLANG_WARN_DIRECT_OBJC_ISA_USAGE = YES_ERROR;
				CLANG_WARN_EMPTY_BODY = YES;
				CLANG_WARN_ENUM_CONVERSION = YES;
				CLANG_WARN_INT_CONVERSION = YES;
				CLANG_WARN_OBJC_ROOT_CLASS = YES_ERROR;
				CLANG_WARN__DUPLICATE_METHOD_MATCH = YES;
				"CODE_SIGN_IDENTITY[sdk=iphoneos*]" = "iPhone Developer";
				COPY_PHASE_STRIP = YES;
				ENABLE_NS_ASSERTIONS = NO;
				GCC_C_LANGUAGE_STANDARD = gnu99;
				GCC_WARN_64_TO_32_BIT_CONVERSION = YES;
				GCC_WARN_ABOUT_RETURN_TYPE = YES_ERROR;
				GCC_WARN_UNDECLARED_SELECTOR = YES;
				GCC_WARN_UNINITIALIZED_AUTOS = YES;
				GCC_WARN_UNUSED_FUNCTION = YES;
				GCC_WARN_UNUSED_VARIABLE = YES;
				IPHONEOS_DEPLOYMENT_TARGET = 7.0;
				SDKROOT = iphoneos;
				TARGETED_DEVICE_FAMILY = "1,2";
				VALIDATE_PRODUCT = YES;
			};
			name = Release;
		};
		0F476D29187B837F00338F61 /* Debug */ = {
			isa = XCBuildConfiguration;
			baseConfigurationReference = 824430812FC84F6AAF455F64 /* Pods-SmartChat.xcconfig */;
			buildSettings = {
				ASSETCATALOG_COMPILER_APPICON_NAME = AppIcon;
				ASSETCATALOG_COMPILER_LAUNCHIMAGE_NAME = LaunchImage;
				CODE_SIGN_IDENTITY = "iPhone Developer";
				"CODE_SIGN_IDENTITY[sdk=iphoneos*]" = "iPhone Developer";
				GCC_PRECOMPILE_PREFIX_HEADER = YES;
				GCC_PREFIX_HEADER = "SmartChat/SmartChat-Prefix.pch";
				INFOPLIST_FILE = "SmartChat/SmartChat-Info.plist";
				PRODUCT_NAME = "$(TARGET_NAME)";
				PROVISIONING_PROFILE = "";
				WRAPPER_EXTENSION = app;
			};
			name = Debug;
		};
		0F476D2A187B837F00338F61 /* Release */ = {
			isa = XCBuildConfiguration;
			baseConfigurationReference = 824430812FC84F6AAF455F64 /* Pods-SmartChat.xcconfig */;
			buildSettings = {
				ASSETCATALOG_COMPILER_APPICON_NAME = AppIcon;
				ASSETCATALOG_COMPILER_LAUNCHIMAGE_NAME = LaunchImage;
				CODE_SIGN_IDENTITY = "iPhone Developer";
				"CODE_SIGN_IDENTITY[sdk=iphoneos*]" = "iPhone Developer";
				GCC_PRECOMPILE_PREFIX_HEADER = YES;
				GCC_PREFIX_HEADER = "SmartChat/SmartChat-Prefix.pch";
				INFOPLIST_FILE = "SmartChat/SmartChat-Info.plist";
				PRODUCT_NAME = "$(TARGET_NAME)";
				PROVISIONING_PROFILE = "";
				WRAPPER_EXTENSION = app;
			};
			name = Release;
		};
		0F476D2C187B837F00338F61 /* Debug */ = {
			isa = XCBuildConfiguration;
			baseConfigurationReference = F278680EF8624F49B964312E /* Pods-SmartChatTests.xcconfig */;
			buildSettings = {
				ARCHS = "$(ARCHS_STANDARD_INCLUDING_64_BIT)";
				BUNDLE_LOADER = "$(BUILT_PRODUCTS_DIR)/SmartChat.app/SmartChat";
				FRAMEWORK_SEARCH_PATHS = (
					"$(SDKROOT)/Developer/Library/Frameworks",
					"$(inherited)",
					"$(DEVELOPER_FRAMEWORKS_DIR)",
				);
				GCC_PRECOMPILE_PREFIX_HEADER = YES;
				GCC_PREFIX_HEADER = "SmartChat/SmartChat-Prefix.pch";
				GCC_PREPROCESSOR_DEFINITIONS = (
					"DEBUG=1",
					"$(inherited)",
				);
				INFOPLIST_FILE = "SmartChatTests/SmartChatTests-Info.plist";
				PRODUCT_NAME = "$(TARGET_NAME)";
				TEST_HOST = "$(BUNDLE_LOADER)";
				WRAPPER_EXTENSION = xctest;
			};
			name = Debug;
		};
		0F476D2D187B837F00338F61 /* Release */ = {
			isa = XCBuildConfiguration;
			baseConfigurationReference = F278680EF8624F49B964312E /* Pods-SmartChatTests.xcconfig */;
			buildSettings = {
				ARCHS = "$(ARCHS_STANDARD_INCLUDING_64_BIT)";
				BUNDLE_LOADER = "$(BUILT_PRODUCTS_DIR)/SmartChat.app/SmartChat";
				FRAMEWORK_SEARCH_PATHS = (
					"$(SDKROOT)/Developer/Library/Frameworks",
					"$(inherited)",
					"$(DEVELOPER_FRAMEWORKS_DIR)",
				);
				GCC_PRECOMPILE_PREFIX_HEADER = YES;
				GCC_PREFIX_HEADER = "SmartChat/SmartChat-Prefix.pch";
				INFOPLIST_FILE = "SmartChatTests/SmartChatTests-Info.plist";
				PRODUCT_NAME = "$(TARGET_NAME)";
				TEST_HOST = "$(BUNDLE_LOADER)";
				WRAPPER_EXTENSION = xctest;
			};
			name = Release;
		};
/* End XCBuildConfiguration section */

/* Begin XCConfigurationList section */
		0F476CF7187B837F00338F61 /* Build configuration list for PBXProject "SmartChat" */ = {
			isa = XCConfigurationList;
			buildConfigurations = (
				0F476D26187B837F00338F61 /* Debug */,
				0F476D27187B837F00338F61 /* Release */,
			);
			defaultConfigurationIsVisible = 0;
			defaultConfigurationName = Release;
		};
		0F476D28187B837F00338F61 /* Build configuration list for PBXNativeTarget "SmartChat" */ = {
			isa = XCConfigurationList;
			buildConfigurations = (
				0F476D29187B837F00338F61 /* Debug */,
				0F476D2A187B837F00338F61 /* Release */,
			);
			defaultConfigurationIsVisible = 0;
			defaultConfigurationName = Release;
		};
		0F476D2B187B837F00338F61 /* Build configuration list for PBXNativeTarget "SmartChatTests" */ = {
			isa = XCConfigurationList;
			buildConfigurations = (
				0F476D2C187B837F00338F61 /* Debug */,
				0F476D2D187B837F00338F61 /* Release */,
			);
			defaultConfigurationIsVisible = 0;
			defaultConfigurationName = Release;
		};
/* End XCConfigurationList section */
	};
	rootObject = 0F476CF4187B837F00338F61 /* Project object */;
}
